<?xml version="1.0" encoding="UTF-8" standalone="yes" ?>
<CodeBlocks_project_file>
	<FileVersion major="1" minor="6" />
	<Project>
		<Option title="LunarLander" />
		<Option pch_mode="2" />
		<Option compiler="gcc" />
		<Build>
			<Target title="Debug">
				<Option output="bin/Debug/LunarLander" prefix_auto="1" extension_auto="1" />
				<Option object_output="obj/Debug/" />
				<Option type="1" />
				<Option compiler="gcc" />
				<Compiler>
					<Add option="-g" />
					<Add directory="$(NCURSES_ROOT)/include" />
					<Add directory="$(NCURSES_ROOT)/include/ncurses" />
				</Compiler>
				<Linker>
					<Add library="ncurses" />
					<Add directory="$(NCURSES_ROOT)/lib" />
				</Linker>
			</Target>
			<Target title="Release">
				<Option output="bin/Release/LunarLander" prefix_auto="1" extension_auto="1" />
				<Option object_output="obj/Release/" />
				<Option type="1" />
				<Option compiler="gcc" />
				<Compiler>
					<Add option="-O2" />
				</Compiler>
				<Linker>
					<Add option="-s" />
				</Linker>
			</Target>
		</Build>
		<Compiler>
			<Add option="-Wall" />
			<Add option="-fexceptions" />
		</Compiler>
		<Unit filename="main.cpp" />
		<Unit filename="main.h">
			<Option compile="1" />
			<Option link="1" />
		</Unit>
		<Unit filename="main_demo.cpp" />
		<Unit filename="main_gra.cpp" />
		<Unit filename="main_wyniki.cpp" />
		<Extensions>
			<code_completion />
			<envvars />
			<debugger />
		</Extensions>
	</Project>
</CodeBlocks_project_file>
